# This file is autogenerated, do not edit; changes may be undone by the next 'dep ensure'.


[[projects]]
  branch = "master"
  name = "github.com/gabu/go-cryptopia"
  packages = ["."]
  revision = "698f669c0909b76d532d1e76471dcbf44cf4ae78"

[[projects]]
  branch = "master"
  name = "github.com/jyap808/go-poloniex"
  packages = ["."]
  revision = "8a28f87637bd26f92a27a3a3823b64d25664a24f"

[[projects]]
  name = "github.com/pkg/errors"
  packages = ["."]
  revision = "645ef00459ed84a119197bfb8d8205042c6df63d"
  version = "v0.8.0"

[[projects]]
  name = "github.com/technoweenie/multipartstreamer"
  packages = ["."]
  revision = "a90a01d73ae432e2611d178c18367fbaa13e0154"
  version = "v1.0.1"

[[projects]]
  branch = "master"
  name = "github.com/toorop/go-bittrex"
  packages = ["."]
  revision = "b9dcc5df9a5d1f99091dc68bc00c233cc7969e29"

[[projects]]
  branch = "master"
  name = "github.com/ultimatecryptoextreme/go-yobit"
  packages = ["."]
  revision = "7c12e0ef0d6e3a9670606d81d0994e4f2865d9fd"

[[projects]]
  name = "gopkg.in/telegram-bot-api.v4"
  packages = ["."]
  revision = "0a57807db79efce7f6719fbb2c0e0f83fda79aec"
  version = "v4.6"

[solve-meta]
  analyzer-name = "dep"
  analyzer-version = 1
  inputs-digest = "357c3ccf5c4409249134ad047696a7e3046af92abcf9351b366e2f093809c234"
  solver-name = "gps-cdcl"
  solver-version = 1
